
Microsoft Visual Studio Solution File, Format Version 12.00
# Visual Studio 15
VisualStudioVersion = 15.0.27130.2024
MinimumVisualStudioVersion = 10.0.40219.1
Project("{FAE04EC0-301F-11D3-BF4B-00C04F79EFBC}") = "FirstAspNetCore2MVC", "FirstAspNetCore2MVC\FirstAspNetCore2MVC.csproj", "{B928C7F9-0AF2-4E31-9929-AA8B7695B677}"
EndProject
Global
	GlobalSection(SolutionConfigurationPlatforms) = preSolution
		Debug|Any CPU = Debug|Any CPU
		Release|Any CPU = Release|Any CPU
	EndGlobalSection
	GlobalSection(ProjectConfigurationPlatforms) = postSolution
		{B928C7F9-0AF2-4E31-9929-AA8B7695B677}.Debug|Any CPU.ActiveCfg = Debug|Any CPU
		{B928C7F9-0AF2-4E31-9929-AA8B7695B677}.Debug|Any CPU.Build.0 = Debug|Any CPU
		{B928C7F9-0AF2-4E31-9929-AA8B7695B677}.Release|Any CPU.ActiveCfg = Release|Any CPU
		{B928C7F9-0AF2-4E31-9929-AA8B7695B677}.Release|Any CPU.Build.0 = Release|Any CPU
	EndGlobalSection
	GlobalSection(SolutionProperties) = preSolution
		HideSolutionNode = FALSE
	EndGlobalSection
	GlobalSection(ExtensibilityGlobals) = postSolution
		SolutionGuid = {BD71F6E2-4E9A-4381-AA47-DEEA6EED3FFA}
	EndGlobalSection
EndGlobal
